
Microsoft Visual Studio Solution File, Format Version 12.00
# Visual Studio 15
VisualStudioVersion = 15.0.28010.2041
MinimumVisualStudioVersion = 10.0.40219.1
Project("{FAE04EC0-301F-11D3-BF4B-00C04F79EFBC}") = "QuizDemoApplication", "QuizDemoApplication\QuizDemoApplication.csproj", "{CE0168AD-A44B-4767-9757-1AA2663A4476}"
EndProject
Global
	GlobalSection(SolutionConfigurationPlatforms) = preSolution
		Debug|Any CPU = Debug|Any CPU
		Release|Any CPU = Release|Any CPU
	EndGlobalSection
	GlobalSection(ProjectConfigurationPlatforms) = postSolution
		{CE0168AD-A44B-4767-9757-1AA2663A4476}.Debug|Any CPU.ActiveCfg = Debug|Any CPU
		{CE0168AD-A44B-4767-9757-1AA2663A4476}.Debug|Any CPU.Build.0 = Debug|Any CPU
		{CE0168AD-A44B-4767-9757-1AA2663A4476}.Release|Any CPU.ActiveCfg = Release|Any CPU
		{CE0168AD-A44B-4767-9757-1AA2663A4476}.Release|Any CPU.Build.0 = Release|Any CPU
	EndGlobalSection
	GlobalSection(SolutionProperties) = preSolution
		HideSolutionNode = FALSE
	EndGlobalSection
	GlobalSection(ExtensibilityGlobals) = postSolution
		SolutionGuid = {46E9D523-4CA5-45B9-AC83-1A4623DB1FB0}
	EndGlobalSection
EndGlobal
